
Microsoft Visual Studio Solution File, Format Version 12.00
# Visual Studio Version 16
VisualStudioVersion = 16.0.29609.76
MinimumVisualStudioVersion = 10.0.40219.1
Project("{FAE04EC0-301F-11D3-BF4B-00C04F79EFBC}") = "Twitter", "Twitter\Twitter.csproj", "{9929D72F-B7A0-411C-ACA9-EEDD34225849}"
EndProject
Global
	GlobalSection(SolutionConfigurationPlatforms) = preSolution
		Debug|Any CPU = Debug|Any CPU
		Release|Any CPU = Release|Any CPU
	EndGlobalSection
	GlobalSection(ProjectConfigurationPlatforms) = postSolution
		{9929D72F-B7A0-411C-ACA9-EEDD34225849}.Debug|Any CPU.ActiveCfg = Debug|Any CPU
		{9929D72F-B7A0-411C-ACA9-EEDD34225849}.Debug|Any CPU.Build.0 = Debug|Any CPU
		{9929D72F-B7A0-411C-ACA9-EEDD34225849}.Release|Any CPU.ActiveCfg = Release|Any CPU
		{9929D72F-B7A0-411C-ACA9-EEDD34225849}.Release|Any CPU.Build.0 = Release|Any CPU
	EndGlobalSection
	GlobalSection(SolutionProperties) = preSolution
		HideSolutionNode = FALSE
	EndGlobalSection
	GlobalSection(ExtensibilityGlobals) = postSolution
		SolutionGuid = {3D41CF5C-3C2C-4293-A2AE-A864CAB74871}
	EndGlobalSection
EndGlobal
